// !$*UTF8*$!
{
	archiveVersion = 1;
	classes = {
	};
	objectVersion = 56;
	objects = {

/* Begin PBXBuildFile section */
		1749EF042C0F3CD1008E029C /* OpenCVWrapper.mm in Sources */ = {isa = PBXBuildFile; fileRef = 1749EF032C0F3CD1008E029C /* OpenCVWrapper.mm */; };
		1749EF0B2C0F3D3D008E029C /* UIImage+Rotate.m in Sources */ = {isa = PBXBuildFile; fileRef = 1749EF052C0F3D3C008E029C /* UIImage+Rotate.m */; };
		1749EF0C2C0F3D3D008E029C /* lines.cpp in Sources */ = {isa = PBXBuildFile; fileRef = 1749EF082C0F3D3C008E029C /* lines.cpp */; };
		1749EF0D2C0F3D3D008E029C /* UIImage+OpenCV.mm in Sources */ = {isa = PBXBuildFile; fileRef = 1749EF0A2C0F3D3D008E029C /* UIImage+OpenCV.mm */; };
		174A5F9E2C079FFC0088C136 /* AppDelegate.swift in Sources */ = {isa = PBXBuildFile; fileRef = 174A5F9D2C079FFC0088C136 /* AppDelegate.swift */; };
		174A5FA02C079FFC0088C136 /* SceneDelegate.swift in Sources */ = {isa = PBXBuildFile; fileRef = 174A5F9F2C079FFC0088C136 /* SceneDelegate.swift */; };
		174A5FA22C079FFC0088C136 /* ViewController.swift in Sources */ = {isa = PBXBuildFile; fileRef = 174A5FA12C079FFC0088C136 /* ViewController.swift */; };
		174A5FA52C079FFC0088C136 /* Base in Resources */ = {isa = PBXBuildFile; fileRef = 174A5FA42C079FFC0088C136 /* Base */; };
		174A5FA72C079FFD0088C136 /* Assets.xcassets in Resources */ = {isa = PBXBuildFile; fileRef = 174A5FA62C079FFD0088C136 /* Assets.xcassets */; };
		174A5FAA2C079FFD0088C136 /* Base in Resources */ = {isa = PBXBuildFile; fileRef = 174A5FA92C079FFD0088C136 /* Base */; };
		174A5FB22C07A0660088C136 /* PhotosViewController.swift in Sources */ = {isa = PBXBuildFile; fileRef = 174A5FB12C07A0660088C136 /* PhotosViewController.swift */; };
		174A5FB92C07A0D20088C136 /* PhotoCell.swift in Sources */ = {isa = PBXBuildFile; fileRef = 174A5FB82C07A0D20088C136 /* PhotoCell.swift */; };
		174A5FBB2C07A0EC0088C136 /* PhotoDetailViewController.swift in Sources */ = {isa = PBXBuildFile; fileRef = 174A5FBA2C07A0EC0088C136 /* PhotoDetailViewController.swift */; };
		174A5FBD2C07A6B30088C136 /* NetworkManager.swift in Sources */ = {isa = PBXBuildFile; fileRef = 174A5FBC2C07A6B30088C136 /* NetworkManager.swift */; };
		174A5FC12C07A7280088C136 /* Photo.swift in Sources */ = {isa = PBXBuildFile; fileRef = 174A5FC02C07A7280088C136 /* Photo.swift */; };
		174A5FC42C07A7D00088C136 /* PhotosViewModel.swift in Sources */ = {isa = PBXBuildFile; fileRef = 174A5FC32C07A7D00088C136 /* PhotosViewModel.swift */; };
		174A5FCC2C07A9950088C136 /* SnapKit in Frameworks */ = {isa = PBXBuildFile; productRef = 174A5FCB2C07A9950088C136 /* SnapKit */; };
		174A5FD12C085D6E0088C136 /* SDWebImage in Frameworks */ = {isa = PBXBuildFile; productRef = 174A5FD02C085D6E0088C136 /* SDWebImage */; };
		174A5FD32C08A4570088C136 /* FavoritesManager.swift in Sources */ = {isa = PBXBuildFile; fileRef = 174A5FD22C08A4570088C136 /* FavoritesManager.swift */; };
		174A5FD52C08A4880088C136 /* FavoritesViewController.swift in Sources */ = {isa = PBXBuildFile; fileRef = 174A5FD42C08A4880088C136 /* FavoritesViewController.swift */; };
		174A5FD72C08A4CB0088C136 /* MainTabBarController.swift in Sources */ = {isa = PBXBuildFile; fileRef = 174A5FD62C08A4CB0088C136 /* MainTabBarController.swift */; };
		174A5FD92C08AA620088C136 /* FavoritesViewModel.swift in Sources */ = {isa = PBXBuildFile; fileRef = 174A5FD82C08AA620088C136 /* FavoritesViewModel.swift */; };
		174A5FDE2C08B7670088C136 /* UnsplashAPI.swift in Sources */ = {isa = PBXBuildFile; fileRef = 174A5FDD2C08B7670088C136 /* UnsplashAPI.swift */; };
		174A5FE92C0CBFFE0088C136 /* CameraViewController.swift in Sources */ = {isa = PBXBuildFile; fileRef = 174A5FE82C0CBFFE0088C136 /* CameraViewController.swift */; };
		174A5FED2C0CC5DC0088C136 /* VisionManager.swift in Sources */ = {isa = PBXBuildFile; fileRef = 174A5FEC2C0CC5DC0088C136 /* VisionManager.swift */; };
/* End PBXBuildFile section */

/* Begin PBXFileReference section */
		1749EF012C0F3CD0008E029C /* PhotoSearch-Bridging-Header.h */ = {isa = PBXFileReference; lastKnownFileType = sourcecode.c.h; path = "PhotoSearch-Bridging-Header.h"; sourceTree = "<group>"; };
		1749EF022C0F3CD1008E029C /* OpenCVWrapper.h */ = {isa = PBXFileReference; lastKnownFileType = sourcecode.c.h; path = OpenCVWrapper.h; sourceTree = "<group>"; };
		1749EF032C0F3CD1008E029C /* OpenCVWrapper.mm */ = {isa = PBXFileReference; lastKnownFileType = sourcecode.cpp.objcpp; path = OpenCVWrapper.mm; sourceTree = "<group>"; };
		1749EF052C0F3D3C008E029C /* UIImage+Rotate.m */ = {isa = PBXFileReference; fileEncoding = 4; lastKnownFileType = sourcecode.c.objc; path = "UIImage+Rotate.m"; sourceTree = "<group>"; };
		1749EF062C0F3D3C008E029C /* lines.h */ = {isa = PBXFileReference; fileEncoding = 4; lastKnownFileType = sourcecode.c.h; path = lines.h; sourceTree = "<group>"; };
		1749EF072C0F3D3C008E029C /* UIImage+Rotate.h */ = {isa = PBXFileReference; fileEncoding = 4; lastKnownFileType = sourcecode.c.h; path = "UIImage+Rotate.h"; sourceTree = "<group>"; };
		1749EF082C0F3D3C008E029C /* lines.cpp */ = {isa = PBXFileReference; fileEncoding = 4; lastKnownFileType = sourcecode.cpp.cpp; path = lines.cpp; sourceTree = "<group>"; };
		1749EF092C0F3D3D008E029C /* UIImage+OpenCV.h */ = {isa = PBXFileReference; fileEncoding = 4; lastKnownFileType = sourcecode.c.h; path = "UIImage+OpenCV.h"; sourceTree = "<group>"; };
		1749EF0A2C0F3D3D008E029C /* UIImage+OpenCV.mm */ = {isa = PBXFileReference; fileEncoding = 4; lastKnownFileType = sourcecode.cpp.objcpp; path = "UIImage+OpenCV.mm"; sourceTree = "<group>"; };
		1749EF0E2C0F3D7B008E029C /* PrefixHeader.pch */ = {isa = PBXFileReference; lastKnownFileType = sourcecode.c.h; path = PrefixHeader.pch; sourceTree = "<group>"; };
		174A5F9A2C079FFC0088C136 /* PhotoSearch.app */ = {isa = PBXFileReference; explicitFileType = wrapper.application; includeInIndex = 0; path = PhotoSearch.app; sourceTree = BUILT_PRODUCTS_DIR; };
		174A5F9D2C079FFC0088C136 /* AppDelegate.swift */ = {isa = PBXFileReference; lastKnownFileType = sourcecode.swift; path = AppDelegate.swift; sourceTree = "<group>"; };
		174A5F9F2C079FFC0088C136 /* SceneDelegate.swift */ = {isa = PBXFileReference; lastKnownFileType = sourcecode.swift; path = SceneDelegate.swift; sourceTree = "<group>"; };
		174A5FA12C079FFC0088C136 /* ViewController.swift */ = {isa = PBXFileReference; lastKnownFileType = sourcecode.swift; path = ViewController.swift; sourceTree = "<group>"; };
		174A5FA42C079FFC0088C136 /* Base */ = {isa = PBXFileReference; lastKnownFileType = file.storyboard; name = Base; path = Base.lproj/Main.storyboard; sourceTree = "<group>"; };
		174A5FA62C079FFD0088C136 /* Assets.xcassets */ = {isa = PBXFileReference; lastKnownFileType = folder.assetcatalog; path = Assets.xcassets; sourceTree = "<group>"; };
		174A5FA92C079FFD0088C136 /* Base */ = {isa = PBXFileReference; lastKnownFileType = file.storyboard; name = Base; path = Base.lproj/LaunchScreen.storyboard; sourceTree = "<group>"; };
		174A5FAB2C079FFD0088C136 /* Info.plist */ = {isa = PBXFileReference; lastKnownFileType = text.plist.xml; path = Info.plist; sourceTree = "<group>"; };
		174A5FB12C07A0660088C136 /* PhotosViewController.swift */ = {isa = PBXFileReference; lastKnownFileType = sourcecode.swift; path = PhotosViewController.swift; sourceTree = "<group>"; };
		174A5FB82C07A0D20088C136 /* PhotoCell.swift */ = {isa = PBXFileReference; lastKnownFileType = sourcecode.swift; path = PhotoCell.swift; sourceTree = "<group>"; };
		174A5FBA2C07A0EC0088C136 /* PhotoDetailViewController.swift */ = {isa = PBXFileReference; lastKnownFileType = sourcecode.swift; path = PhotoDetailViewController.swift; sourceTree = "<group>"; };
		174A5FBC2C07A6B30088C136 /* NetworkManager.swift */ = {isa = PBXFileReference; lastKnownFileType = sourcecode.swift; path = NetworkManager.swift; sourceTree = "<group>"; };
		174A5FC02C07A7280088C136 /* Photo.swift */ = {isa = PBXFileReference; lastKnownFileType = sourcecode.swift; path = Photo.swift; sourceTree = "<group>"; };
		174A5FC32C07A7D00088C136 /* PhotosViewModel.swift */ = {isa = PBXFileReference; lastKnownFileType = sourcecode.swift; path = PhotosViewModel.swift; sourceTree = "<group>"; };
		174A5FD22C08A4570088C136 /* FavoritesManager.swift */ = {isa = PBXFileReference; lastKnownFileType = sourcecode.swift; path = FavoritesManager.swift; sourceTree = "<group>"; };
		174A5FD42C08A4880088C136 /* FavoritesViewController.swift */ = {isa = PBXFileReference; lastKnownFileType = sourcecode.swift; path = FavoritesViewController.swift; sourceTree = "<group>"; };
		174A5FD62C08A4CB0088C136 /* MainTabBarController.swift */ = {isa = PBXFileReference; lastKnownFileType = sourcecode.swift; path = MainTabBarController.swift; sourceTree = "<group>"; };
		174A5FD82C08AA620088C136 /* FavoritesViewModel.swift */ = {isa = PBXFileReference; lastKnownFileType = sourcecode.swift; path = FavoritesViewModel.swift; sourceTree = "<group>"; };
		174A5FDD2C08B7670088C136 /* UnsplashAPI.swift */ = {isa = PBXFileReference; lastKnownFileType = sourcecode.swift; path = UnsplashAPI.swift; sourceTree = "<group>"; };
		174A5FE82C0CBFFE0088C136 /* CameraViewController.swift */ = {isa = PBXFileReference; lastKnownFileType = sourcecode.swift; path = CameraViewController.swift; sourceTree = "<group>"; };
		174A5FEC2C0CC5DC0088C136 /* VisionManager.swift */ = {isa = PBXFileReference; lastKnownFileType = sourcecode.swift; path = VisionManager.swift; sourceTree = "<group>"; };
/* End PBXFileReference section */

/* Begin PBXFrameworksBuildPhase section */
		174A5F972C079FFC0088C136 /* Frameworks */ = {
			isa = PBXFrameworksBuildPhase;
			buildActionMask = 2147483647;
			files = (
				174A5FD12C085D6E0088C136 /* SDWebImage in Frameworks */,
				174A5FCC2C07A9950088C136 /* SnapKit in Frameworks */,
			);
			runOnlyForDeploymentPostprocessing = 0;
		};
/* End PBXFrameworksBuildPhase section */

/* Begin PBXGroup section */
		174A5F912C079FFC0088C136 = {
			isa = PBXGroup;
			children = (
				174A5F9C2C079FFC0088C136 /* PhotoSearch */,
				174A5F9B2C079FFC0088C136 /* Products */,
				FA83AB66496783D2F1E94393 /* Pods */,
			);
			sourceTree = "<group>";
		};
		174A5F9B2C079FFC0088C136 /* Products */ = {
			isa = PBXGroup;
			children = (
				174A5F9A2C079FFC0088C136 /* PhotoSearch.app */,
			);
			name = Products;
			sourceTree = "<group>";
		};
		174A5F9C2C079FFC0088C136 /* PhotoSearch */ = {
			isa = PBXGroup;
			children = (
				174A5F9D2C079FFC0088C136 /* AppDelegate.swift */,
				174A5F9F2C079FFC0088C136 /* SceneDelegate.swift */,
				174A5FA12C079FFC0088C136 /* ViewController.swift */,
				1749EF022C0F3CD1008E029C /* OpenCVWrapper.h */,
				1749EF032C0F3CD1008E029C /* OpenCVWrapper.mm */,
				1749EF082C0F3D3C008E029C /* lines.cpp */,
				1749EF062C0F3D3C008E029C /* lines.h */,
				1749EF092C0F3D3D008E029C /* UIImage+OpenCV.h */,
				1749EF0A2C0F3D3D008E029C /* UIImage+OpenCV.mm */,
				1749EF072C0F3D3C008E029C /* UIImage+Rotate.h */,
				1749EF052C0F3D3C008E029C /* UIImage+Rotate.m */,
				1749EF0E2C0F3D7B008E029C /* PrefixHeader.pch */,
				174A5FDC2C08B6FB0088C136 /* NetworkManager */,
				174A5FDB2C08AC7D0088C136 /* Controllers */,
				174A5FDA2C08AC700088C136 /* Views */,
				174A5FC22C07A7B30088C136 /* ViewModel */,
				174A5FBF2C07A7160088C136 /* Model */,
				174A5FBE2C07A6BB0088C136 /* Common */,
				174A5FA32C079FFC0088C136 /* Main.storyboard */,
				174A5FA62C079FFD0088C136 /* Assets.xcassets */,
				174A5FA82C079FFD0088C136 /* LaunchScreen.storyboard */,
				174A5FAB2C079FFD0088C136 /* Info.plist */,
				1749EF012C0F3CD0008E029C /* PhotoSearch-Bridging-Header.h */,
			);
			path = PhotoSearch;
			sourceTree = "<group>";
		};
		174A5FBE2C07A6BB0088C136 /* Common */ = {
			isa = PBXGroup;
			children = (
				174A5FD22C08A4570088C136 /* FavoritesManager.swift */,
				174A5FEC2C0CC5DC0088C136 /* VisionManager.swift */,
			);
			path = Common;
			sourceTree = "<group>";
		};
		174A5FBF2C07A7160088C136 /* Model */ = {
			isa = PBXGroup;
			children = (
				174A5FC02C07A7280088C136 /* Photo.swift */,
			);
			path = Model;
			sourceTree = "<group>";
		};
		174A5FC22C07A7B30088C136 /* ViewModel */ = {
			isa = PBXGroup;
			children = (
				174A5FC32C07A7D00088C136 /* PhotosViewModel.swift */,
				174A5FD82C08AA620088C136 /* FavoritesViewModel.swift */,
			);
			path = ViewModel;
			sourceTree = "<group>";
		};
		174A5FDA2C08AC700088C136 /* Views */ = {
			isa = PBXGroup;
			children = (
				174A5FB82C07A0D20088C136 /* PhotoCell.swift */,
			);
			path = Views;
			sourceTree = "<group>";
		};
		174A5FDB2C08AC7D0088C136 /* Controllers */ = {
			isa = PBXGroup;
			children = (
				174A5FB12C07A0660088C136 /* PhotosViewController.swift */,
				174A5FBA2C07A0EC0088C136 /* PhotoDetailViewController.swift */,
				174A5FD42C08A4880088C136 /* FavoritesViewController.swift */,
				174A5FD62C08A4CB0088C136 /* MainTabBarController.swift */,
				174A5FE82C0CBFFE0088C136 /* CameraViewController.swift */,
			);
			path = Controllers;
			sourceTree = "<group>";
		};
		174A5FDC2C08B6FB0088C136 /* NetworkManager */ = {
			isa = PBXGroup;
			children = (
				174A5FBC2C07A6B30088C136 /* NetworkManager.swift */,
				174A5FDD2C08B7670088C136 /* UnsplashAPI.swift */,
			);
			path = NetworkManager;
			sourceTree = "<group>";
		};
		FA83AB66496783D2F1E94393 /* Pods */ = {
			isa = PBXGroup;
			children = (
			);
			path = Pods;
			sourceTree = "<group>";
		};
/* End PBXGroup section */

/* Begin PBXNativeTarget section */
		174A5F992C079FFC0088C136 /* PhotoSearch */ = {
			isa = PBXNativeTarget;
			buildConfigurationList = 174A5FAE2C079FFD0088C136 /* Build configuration list for PBXNativeTarget "PhotoSearch" */;
			buildPhases = (
				174A5F962C079FFC0088C136 /* Sources */,
				174A5F972C079FFC0088C136 /* Frameworks */,
				174A5F982C079FFC0088C136 /* Resources */,
			);
			buildRules = (
			);
			dependencies = (
			);
			name = PhotoSearch;
			packageProductDependencies = (
				174A5FCB2C07A9950088C136 /* SnapKit */,
				174A5FD02C085D6E0088C136 /* SDWebImage */,
			);
			productName = PhotoSearch;
			productReference = 174A5F9A2C079FFC0088C136 /* PhotoSearch.app */;
			productType = "com.apple.product-type.application";
		};
/* End PBXNativeTarget section */

/* Begin PBXProject section */
		174A5F922C079FFC0088C136 /* Project object */ = {
			isa = PBXProject;
			attributes = {
				BuildIndependentTargetsInParallel = 1;
				LastSwiftUpdateCheck = 1540;
				LastUpgradeCheck = 1540;
				TargetAttributes = {
					174A5F992C079FFC0088C136 = {
						CreatedOnToolsVersion = 15.4;
						LastSwiftMigration = 1540;
					};
				};
			};
			buildConfigurationList = 174A5F952C079FFC0088C136 /* Build configuration list for PBXProject "PhotoSearch" */;
			compatibilityVersion = "Xcode 14.0";
			developmentRegion = en;
			hasScannedForEncodings = 0;
			knownRegions = (
				en,
				Base,
			);
			mainGroup = 174A5F912C079FFC0088C136;
			packageReferences = (
				174A5FCA2C07A9950088C136 /* XCRemoteSwiftPackageReference "SnapKit" */,
				174A5FCF2C085D6E0088C136 /* XCRemoteSwiftPackageReference "SDWebImage" */,
			);
			productRefGroup = 174A5F9B2C079FFC0088C136 /* Products */;
			projectDirPath = "";
			projectRoot = "";
			targets = (
				174A5F992C079FFC0088C136 /* PhotoSearch */,
			);
		};
/* End PBXProject section */

/* Begin PBXResourcesBuildPhase section */
		174A5F982C079FFC0088C136 /* Resources */ = {
			isa = PBXResourcesBuildPhase;
			buildActionMask = 2147483647;
			files = (
				174A5FA72C079FFD0088C136 /* Assets.xcassets in Resources */,
				174A5FAA2C079FFD0088C136 /* Base in Resources */,
				174A5FA52C079FFC0088C136 /* Base in Resources */,
			);
			runOnlyForDeploymentPostprocessing = 0;
		};
/* End PBXResourcesBuildPhase section */

/* Begin PBXSourcesBuildPhase section */
		174A5F962C079FFC0088C136 /* Sources */ = {
			isa = PBXSourcesBuildPhase;
			buildActionMask = 2147483647;
			files = (
				174A5FC42C07A7D00088C136 /* PhotosViewModel.swift in Sources */,
				174A5FED2C0CC5DC0088C136 /* VisionManager.swift in Sources */,
				174A5FD32C08A4570088C136 /* FavoritesManager.swift in Sources */,
				1749EF0D2C0F3D3D008E029C /* UIImage+OpenCV.mm in Sources */,
				174A5FD72C08A4CB0088C136 /* MainTabBarController.swift in Sources */,
				1749EF0C2C0F3D3D008E029C /* lines.cpp in Sources */,
				174A5FC12C07A7280088C136 /* Photo.swift in Sources */,
				174A5FBB2C07A0EC0088C136 /* PhotoDetailViewController.swift in Sources */,
				174A5FA22C079FFC0088C136 /* ViewController.swift in Sources */,
				174A5FB92C07A0D20088C136 /* PhotoCell.swift in Sources */,
				174A5FD52C08A4880088C136 /* FavoritesViewController.swift in Sources */,
				1749EF0B2C0F3D3D008E029C /* UIImage+Rotate.m in Sources */,
				174A5FBD2C07A6B30088C136 /* NetworkManager.swift in Sources */,
				174A5FB22C07A0660088C136 /* PhotosViewController.swift in Sources */,
				174A5F9E2C079FFC0088C136 /* AppDelegate.swift in Sources */,
				174A5FE92C0CBFFE0088C136 /* CameraViewController.swift in Sources */,
				1749EF042C0F3CD1008E029C /* OpenCVWrapper.mm in Sources */,
				174A5FA02C079FFC0088C136 /* SceneDelegate.swift in Sources */,
				174A5FDE2C08B7670088C136 /* UnsplashAPI.swift in Sources */,
				174A5FD92C08AA620088C136 /* FavoritesViewModel.swift in Sources */,
			);
			runOnlyForDeploymentPostprocessing = 0;
		};
/* End PBXSourcesBuildPhase section */

/* Begin PBXVariantGroup section */
		174A5FA32C079FFC0088C136 /* Main.storyboard */ = {
			isa = PBXVariantGroup;
			children = (
				174A5FA42C079FFC0088C136 /* Base */,
			);
			name = Main.storyboard;
			sourceTree = "<group>";
		};
		174A5FA82C079FFD0088C136 /* LaunchScreen.storyboard */ = {
			isa = PBXVariantGroup;
			children = (
				174A5FA92C079FFD0088C136 /* Base */,
			);
			name = LaunchScreen.storyboard;
			sourceTree = "<group>";
		};
/* End PBXVariantGroup section */

/* Begin XCBuildConfiguration section */
		174A5FAC2C079FFD0088C136 /* Debug */ = {
			isa = XCBuildConfiguration;
			buildSettings = {
				ALWAYS_SEARCH_USER_PATHS = NO;
				ASSETCATALOG_COMPILER_GENERATE_SWIFT_ASSET_SYMBOL_EXTENSIONS = YES;
				CLANG_ANALYZER_NONNULL = YES;
				CLANG_ANALYZER_NUMBER_OBJECT_CONVERSION = YES_AGGRESSIVE;
				CLANG_CXX_LANGUAGE_STANDARD = "gnu++20";
				CLANG_ENABLE_MODULES = YES;
				CLANG_ENABLE_OBJC_ARC = YES;
				CLANG_ENABLE_OBJC_WEAK = YES;
				CLANG_WARN_BLOCK_CAPTURE_AUTORELEASING = YES;
				CLANG_WARN_BOOL_CONVERSION = YES;
				CLANG_WARN_COMMA = YES;
				CLANG_WARN_CONSTANT_CONVERSION = YES;
				CLANG_WARN_DEPRECATED_OBJC_IMPLEMENTATIONS = YES;
				CLANG_WARN_DIRECT_OBJC_ISA_USAGE = YES_ERROR;
				CLANG_WARN_DOCUMENTATION_COMMENTS = YES;
				CLANG_WARN_EMPTY_BODY = YES;
				CLANG_WARN_ENUM_CONVERSION = YES;
				CLANG_WARN_INFINITE_RECURSION = YES;
				CLANG_WARN_INT_CONVERSION = YES;
				CLANG_WARN_NON_LITERAL_NULL_CONVERSION = YES;
				CLANG_WARN_OBJC_IMPLICIT_RETAIN_SELF = YES;
				CLANG_WARN_OBJC_LITERAL_CONVERSION = YES;
				CLANG_WARN_OBJC_ROOT_CLASS = YES_ERROR;
				CLANG_WARN_QUOTED_INCLUDE_IN_FRAMEWORK_HEADER = YES;
				CLANG_WARN_RANGE_LOOP_ANALYSIS = YES;
				CLANG_WARN_STRICT_PROTOTYPES = YES;
				CLANG_WARN_SUSPICIOUS_MOVE = YES;
				CLANG_WARN_UNGUARDED_AVAILABILITY = YES_AGGRESSIVE;
				CLANG_WARN_UNREACHABLE_CODE = YES;
				CLANG_WARN__DUPLICATE_METHOD_MATCH = YES;
				COPY_PHASE_STRIP = NO;
				DEBUG_INFORMATION_FORMAT = dwarf;
				ENABLE_STRICT_OBJC_MSGSEND = YES;
				ENABLE_TESTABILITY = YES;
				ENABLE_USER_SCRIPT_SANDBOXING = YES;
				GCC_C_LANGUAGE_STANDARD = gnu17;
				GCC_DYNAMIC_NO_PIC = NO;
				GCC_NO_COMMON_BLOCKS = YES;
				GCC_OPTIMIZATION_LEVEL = 0;
				GCC_PREPROCESSOR_DEFINITIONS = (
					"DEBUG=1",
					"$(inherited)",
				);
				GCC_WARN_64_TO_32_BIT_CONVERSION = YES;
				GCC_WARN_ABOUT_RETURN_TYPE = YES_ERROR;
				GCC_WARN_UNDECLARED_SELECTOR = YES;
				GCC_WARN_UNINITIALIZED_AUTOS = YES_AGGRESSIVE;
				GCC_WARN_UNUSED_FUNCTION = YES;
				GCC_WARN_UNUSED_VARIABLE = YES;
				IPHONEOS_DEPLOYMENT_TARGET = 14.0;
				LOCALIZATION_PREFERS_STRING_CATALOGS = YES;
				MTL_ENABLE_DEBUG_INFO = INCLUDE_SOURCE;
				MTL_FAST_MATH = YES;
				ONLY_ACTIVE_ARCH = YES;
				SDKROOT = iphoneos;
				SWIFT_ACTIVE_COMPILATION_CONDITIONS = "DEBUG $(inherited)";
				SWIFT_OPTIMIZATION_LEVEL = "-Onone";
			};
			name = Debug;
		};
		174A5FAD2C079FFD0088C136 /* Release */ = {
			isa = XCBuildConfiguration;
			buildSettings = {
				ALWAYS_SEARCH_USER_PATHS = NO;
				ASSETCATALOG_COMPILER_GENERATE_SWIFT_ASSET_SYMBOL_EXTENSIONS = YES;
				CLANG_ANALYZER_NONNULL = YES;
				CLANG_ANALYZER_NUMBER_OBJECT_CONVERSION = YES_AGGRESSIVE;
				CLANG_CXX_LANGUAGE_STANDARD = "gnu++20";
				CLANG_ENABLE_MODULES = YES;
				CLANG_ENABLE_OBJC_ARC = YES;
				CLANG_ENABLE_OBJC_WEAK = YES;
				CLANG_WARN_BLOCK_CAPTURE_AUTORELEASING = YES;
				CLANG_WARN_BOOL_CONVERSION = YES;
				CLANG_WARN_COMMA = YES;
				CLANG_WARN_CONSTANT_CONVERSION = YES;
				CLANG_WARN_DEPRECATED_OBJC_IMPLEMENTATIONS = YES;
				CLANG_WARN_DIRECT_OBJC_ISA_USAGE = YES_ERROR;
				CLANG_WARN_DOCUMENTATION_COMMENTS = YES;
				CLANG_WARN_EMPTY_BODY = YES;
				CLANG_WARN_ENUM_CONVERSION = YES;
				CLANG_WARN_INFINITE_RECURSION = YES;
				CLANG_WARN_INT_CONVERSION = YES;
				CLANG_WARN_NON_LITERAL_NULL_CONVERSION = YES;
				CLANG_WARN_OBJC_IMPLICIT_RETAIN_SELF = YES;
				CLANG_WARN_OBJC_LITERAL_CONVERSION = YES;
				CLANG_WARN_OBJC_ROOT_CLASS = YES_ERROR;
				CLANG_WARN_QUOTED_INCLUDE_IN_FRAMEWORK_HEADER = YES;
				CLANG_WARN_RANGE_LOOP_ANALYSIS = YES;
				CLANG_WARN_STRICT_PROTOTYPES = YES;
				CLANG_WARN_SUSPICIOUS_MOVE = YES;
				CLANG_WARN_UNGUARDED_AVAILABILITY = YES_AGGRESSIVE;
				CLANG_WARN_UNREACHABLE_CODE = YES;
				CLANG_WARN__DUPLICATE_METHOD_MATCH = YES;
				COPY_PHASE_STRIP = NO;
				DEBUG_INFORMATION_FORMAT = "dwarf-with-dsym";
				ENABLE_NS_ASSERTIONS = NO;
				ENABLE_STRICT_OBJC_MSGSEND = YES;
				ENABLE_USER_SCRIPT_SANDBOXING = YES;
				GCC_C_LANGUAGE_STANDARD = gnu17;
				GCC_NO_COMMON_BLOCKS = YES;
				GCC_WARN_64_TO_32_BIT_CONVERSION = YES;
				GCC_WARN_ABOUT_RETURN_TYPE = YES_ERROR;
				GCC_WARN_UNDECLARED_SELECTOR = YES;
				GCC_WARN_UNINITIALIZED_AUTOS = YES_AGGRESSIVE;
				GCC_WARN_UNUSED_FUNCTION = YES;
				GCC_WARN_UNUSED_VARIABLE = YES;
				IPHONEOS_DEPLOYMENT_TARGET = 14.0;
				LOCALIZATION_PREFERS_STRING_CATALOGS = YES;
				MTL_ENABLE_DEBUG_INFO = NO;
				MTL_FAST_MATH = YES;
				SDKROOT = iphoneos;
				SWIFT_COMPILATION_MODE = wholemodule;
				VALIDATE_PRODUCT = YES;
			};
			name = Release;
		};
		174A5FAF2C079FFD0088C136 /* Debug */ = {
			isa = XCBuildConfiguration;
			buildSettings = {
				ASSETCATALOG_COMPILER_APPICON_NAME = AppIcon;
				ASSETCATALOG_COMPILER_GLOBAL_ACCENT_COLOR_NAME = AccentColor;
				CLANG_ENABLE_MODULES = YES;
				CODE_SIGN_STYLE = Automatic;
				CURRENT_PROJECT_VERSION = 1;
				DEVELOPMENT_TEAM = ZRZ7BP5S8U;
				GCC_PREFIX_HEADER = PhotoSearch/PrefixHeader.pch;
				GENERATE_INFOPLIST_FILE = YES;
				HEADER_SEARCH_PATHS = "$(PROJECT_DIR)/opencv2.framework/Headers";
				INFOPLIST_FILE = PhotoSearch/Info.plist;
				INFOPLIST_KEY_UIApplicationSupportsIndirectInputEvents = YES;
				INFOPLIST_KEY_UILaunchStoryboardName = LaunchScreen;
				INFOPLIST_KEY_UIMainStoryboardFile = Main;
				INFOPLIST_KEY_UISupportedInterfaceOrientations_iPad = "UIInterfaceOrientationPortrait UIInterfaceOrientationPortraitUpsideDown UIInterfaceOrientationLandscapeLeft UIInterfaceOrientationLandscapeRight";
				INFOPLIST_KEY_UISupportedInterfaceOrientations_iPhone = "UIInterfaceOrientationPortrait UIInterfaceOrientationLandscapeLeft UIInterfaceOrientationLandscapeRight";
				IPHONEOS_DEPLOYMENT_TARGET = 16.0;
				LD_RUNPATH_SEARCH_PATHS = (
					"$(inherited)",
					"@executable_path/Frameworks",
				);
				LIBRARY_SEARCH_PATHS = "$(PROJECT_DIR)/opencv2.framework";
				MARKETING_VERSION = 1.0;
				OTHER_LDFLAGS = (
					"$(inherited)",
					"-ObjC",
					"-l\"stdc++\"",
					"-framework",
					"\"AVFoundation\"",
					"-framework",
					"\"Accelerate\"",
					"-framework",
					"\"AssetsLibrary\"",
					"-framework",
					"\"CoreGraphics\"",
					"-framework",
					"\"CoreImage\"",
					"-framework",
					"\"CoreMedia\"",
					"-framework",
					"\"CoreVideo\"",
					"-framework",
					"\"Foundation\"",
					"-framework",
					"\"QuartzCore\"",
					"-framework",
					"\"UIKit\"",
					"-framework",
					"\"opencv2\"",
					"-lc++",
				);
				PRODUCT_BUNDLE_IDENTIFIER = www.st.PhotoSearch;
				PRODUCT_NAME = "$(TARGET_NAME)";
				SWIFT_EMIT_LOC_STRINGS = YES;
				SWIFT_OBJC_BRIDGING_HEADER = "PhotoSearch/PhotoSearch-Bridging-Header.h";
				SWIFT_OPTIMIZATION_LEVEL = "-Onone";
				SWIFT_VERSION = 5.0;
				TARGETED_DEVICE_FAMILY = "1,2";
			};
			name = Debug;
		};
		174A5FB02C079FFD0088C136 /* Release */ = {
			isa = XCBuildConfiguration;
			buildSettings = {
				ASSETCATALOG_COMPILER_APPICON_NAME = AppIcon;
				ASSETCATALOG_COMPILER_GLOBAL_ACCENT_COLOR_NAME = AccentColor;
				CLANG_ENABLE_MODULES = YES;
				CODE_SIGN_STYLE = Automatic;
				CURRENT_PROJECT_VERSION = 1;
				DEVELOPMENT_TEAM = ZRZ7BP5S8U;
				GCC_PREFIX_HEADER = PhotoSearch/PrefixHeader.pch;
				GENERATE_INFOPLIST_FILE = YES;
				HEADER_SEARCH_PATHS = "$(PROJECT_DIR)/opencv2.framework/Headers";
				INFOPLIST_FILE = PhotoSearch/Info.plist;
				INFOPLIST_KEY_UIApplicationSupportsIndirectInputEvents = YES;
				INFOPLIST_KEY_UILaunchStoryboardName = LaunchScreen;
				INFOPLIST_KEY_UIMainStoryboardFile = Main;
				INFOPLIST_KEY_UISupportedInterfaceOrientations_iPad = "UIInterfaceOrientationPortrait UIInterfaceOrientationPortraitUpsideDown UIInterfaceOrientationLandscapeLeft UIInterfaceOrientationLandscapeRight";
				INFOPLIST_KEY_UISupportedInterfaceOrientations_iPhone = "UIInterfaceOrientationPortrait UIInterfaceOrientationLandscapeLeft UIInterfaceOrientationLandscapeRight";
				IPHONEOS_DEPLOYMENT_TARGET = 16.0;
				LD_RUNPATH_SEARCH_PATHS = (
					"$(inherited)",
					"@executable_path/Frameworks",
				);
				LIBRARY_SEARCH_PATHS = "$(PROJECT_DIR)/opencv2.framework";
				MARKETING_VERSION = 1.0;
				OTHER_LDFLAGS = (
					"$(inherited)",
					"-ObjC",
					"-l\"stdc++\"",
					"-framework",
					"\"AVFoundation\"",
					"-framework",
					"\"Accelerate\"",
					"-framework",
					"\"AssetsLibrary\"",
					"-framework",
					"\"CoreGraphics\"",
					"-framework",
					"\"CoreImage\"",
					"-framework",
					"\"CoreMedia\"",
					"-framework",
					"\"CoreVideo\"",
					"-framework",
					"\"Foundation\"",
					"-framework",
					"\"QuartzCore\"",
					"-framework",
					"\"UIKit\"",
					"-framework",
					"\"opencv2\"",
					"-lc++",
				);
				PRODUCT_BUNDLE_IDENTIFIER = www.st.PhotoSearch;
				PRODUCT_NAME = "$(TARGET_NAME)";
				SWIFT_EMIT_LOC_STRINGS = YES;
				SWIFT_OBJC_BRIDGING_HEADER = "PhotoSearch/PhotoSearch-Bridging-Header.h";
				SWIFT_VERSION = 5.0;
				TARGETED_DEVICE_FAMILY = "1,2";
			};
			name = Release;
		};
/* End XCBuildConfiguration section */

/* Begin XCConfigurationList section */
		174A5F952C079FFC0088C136 /* Build configuration list for PBXProject "PhotoSearch" */ = {
			isa = XCConfigurationList;
			buildConfigurations = (
				174A5FAC2C079FFD0088C136 /* Debug */,
				174A5FAD2C079FFD0088C136 /* Release */,
			);
			defaultConfigurationIsVisible = 0;
			defaultConfigurationName = Release;
		};
		174A5FAE2C079FFD0088C136 /* Build configuration list for PBXNativeTarget "PhotoSearch" */ = {
			isa = XCConfigurationList;
			buildConfigurations = (
				174A5FAF2C079FFD0088C136 /* Debug */,
				174A5FB02C079FFD0088C136 /* Release */,
			);
			defaultConfigurationIsVisible = 0;
			defaultConfigurationName = Release;
		};
/* End XCConfigurationList section */

/* Begin XCRemoteSwiftPackageReference section */
		174A5FCA2C07A9950088C136 /* XCRemoteSwiftPackageReference "SnapKit" */ = {
			isa = XCRemoteSwiftPackageReference;
			repositoryURL = "https://github.com/SnapKit/SnapKit.git";
			requirement = {
				kind = upToNextMajorVersion;
				minimumVersion = 5.7.1;
			};
		};
		174A5FCF2C085D6E0088C136 /* XCRemoteSwiftPackageReference "SDWebImage" */ = {
			isa = XCRemoteSwiftPackageReference;
			repositoryURL = "https://github.com/SDWebImage/SDWebImage.git";
			requirement = {
				kind = upToNextMajorVersion;
				minimumVersion = 5.19.3;
			};
		};
/* End XCRemoteSwiftPackageReference section */

/* Begin XCSwiftPackageProductDependency section */
		174A5FCB2C07A9950088C136 /* SnapKit */ = {
			isa = XCSwiftPackageProductDependency;
			package = 174A5FCA2C07A9950088C136 /* XCRemoteSwiftPackageReference "SnapKit" */;
			productName = SnapKit;
		};
		174A5FD02C085D6E0088C136 /* SDWebImage */ = {
			isa = XCSwiftPackageProductDependency;
			package = 174A5FCF2C085D6E0088C136 /* XCRemoteSwiftPackageReference "SDWebImage" */;
			productName = SDWebImage;
		};
/* End XCSwiftPackageProductDependency section */
	};
	rootObject = 174A5F922C079FFC0088C136 /* Project object */;
}
